
Microsoft Visual Studio Solution File, Format Version 12.00
# Visual Studio Version 17
VisualStudioVersion = 17.7.34009.444
MinimumVisualStudioVersion = 10.0.40219.1
Project("{FAE04EC0-301F-11D3-BF4B-00C04F79EFBC}") = "SalesWebMVC", "SalesWebMVC\SalesWebMVC.csproj", "{CDFA1B07-4755-43CB-8765-5696E6E82C98}"
EndProject
Global
	GlobalSection(SolutionConfigurationPlatforms) = preSolution
		Debug|Any CPU = Debug|Any CPU
		Release|Any CPU = Release|Any CPU
	EndGlobalSection
	GlobalSection(ProjectConfigurationPlatforms) = postSolution
		{CDFA1B07-4755-43CB-8765-5696E6E82C98}.Debug|Any CPU.ActiveCfg = Debug|Any CPU
		{CDFA1B07-4755-43CB-8765-5696E6E82C98}.Debug|Any CPU.Build.0 = Debug|Any CPU
		{CDFA1B07-4755-43CB-8765-5696E6E82C98}.Release|Any CPU.ActiveCfg = Release|Any CPU
		{CDFA1B07-4755-43CB-8765-5696E6E82C98}.Release|Any CPU.Build.0 = Release|Any CPU
	EndGlobalSection
	GlobalSection(SolutionProperties) = preSolution
		HideSolutionNode = FALSE
	EndGlobalSection
	GlobalSection(ExtensibilityGlobals) = postSolution
		SolutionGuid = {BA8C1071-EF84-4734-BAA2-DA13C6DC1CEF}
	EndGlobalSection
EndGlobal
